github.com/theQRL/qips v0.0.0-20211022204510-91079626ecbf h1:nU9EKQKrrF2Vl9TFgGR1TalYcxL50tmM8KB0p4d9rMM=
github.com/theQRL/qips v0.0.0-20211022204510-91079626ecbf/go.mod h1:Mjgd1ITETFbQojo0ZIE2jsyq9swanQDLvJo5dtPr+Ys=
github.com/theQRL/qips v0.0.0-20211217173527-f5e6c21741cc h1:Cy+YTSS+8fBVnPvDAI5ssYGAf1AuQPTvJ4ee7AzvauY=
github.com/theQRL/qips v0.0.0-20211217173527-f5e6c21741cc/go.mod h1:Mjgd1ITETFbQojo0ZIE2jsyq9swanQDLvJo5dtPr+Ys=
github.com/theQRL/qips v0.0.0-20220126192625-ef9af2c7abf4 h1:VvLf51/ik1F8EdGjZBs8HUsMVWIgfMw+IT4y1vU7f00=
github.com/theQRL/qips v0.0.0-20220126192625-ef9af2c7abf4/go.mod h1:Mjgd1ITETFbQojo0ZIE2jsyq9swanQDLvJo5dtPr+Ys=
github.com/theQRL/qips v0.0.0-20220324164337-700a2ae038be h1:MILVcOLD17yhEIZZ6uJlXeVKgPMtECIuGCY2kJNS5SE=
github.com/theQRL/qips v0.0.0-20220324164337-700a2ae038be/go.mod h1:Mjgd1ITETFbQojo0ZIE2jsyq9swanQDLvJo5dtPr+Ys=
